
Microsoft Visual Studio Solution File, Format Version 12.00
# Visual Studio Version 17
VisualStudioVersion = 17.9.34607.119
MinimumVisualStudioVersion = 10.0.40219.1
Project("{FAE04EC0-301F-11D3-BF4B-00C04F79EFBC}") = "Almacen", "Almacen\Almacen.csproj", "{139C51B9-0828-49CE-A934-472F48D89F77}"
EndProject
Global
	GlobalSection(SolutionConfigurationPlatforms) = preSolution
		Debug|Any CPU = Debug|Any CPU
		Release|Any CPU = Release|Any CPU
	EndGlobalSection
	GlobalSection(ProjectConfigurationPlatforms) = postSolution
		{139C51B9-0828-49CE-A934-472F48D89F77}.Debug|Any CPU.ActiveCfg = Debug|Any CPU
		{139C51B9-0828-49CE-A934-472F48D89F77}.Debug|Any CPU.Build.0 = Debug|Any CPU
		{139C51B9-0828-49CE-A934-472F48D89F77}.Release|Any CPU.ActiveCfg = Release|Any CPU
		{139C51B9-0828-49CE-A934-472F48D89F77}.Release|Any CPU.Build.0 = Release|Any CPU
	EndGlobalSection
	GlobalSection(SolutionProperties) = preSolution
		HideSolutionNode = FALSE
	EndGlobalSection
	GlobalSection(ExtensibilityGlobals) = postSolution
		SolutionGuid = {AB6D89C0-2130-4D55-AA5A-9A9EE2EAF267}
	EndGlobalSection
EndGlobal
